
Microsoft Visual Studio Solution File, Format Version 12.00
# Visual Studio Version 16
VisualStudioVersion = 16.0.28803.202
MinimumVisualStudioVersion = 10.0.40219.1
Project("{FAE04EC0-301F-11D3-BF4B-00C04F79EFBC}") = "PictureMatrix", "PictureMatrix\PictureMatrix.csproj", "{5948E8B1-AB07-4B6C-B86F-EEEF7FAE3DEB}"
EndProject
Project("{FAE04EC0-301F-11D3-BF4B-00C04F79EFBC}") = "PictureMatrixTests", "PictureMatrixTests\PictureMatrixTests.csproj", "{92CF43E5-42B3-44B4-9319-060B953C889B}"
EndProject
Global
	GlobalSection(SolutionConfigurationPlatforms) = preSolution
		Debug|Any CPU = Debug|Any CPU
		Release|Any CPU = Release|Any CPU
	EndGlobalSection
	GlobalSection(ProjectConfigurationPlatforms) = postSolution
		{5948E8B1-AB07-4B6C-B86F-EEEF7FAE3DEB}.Debug|Any CPU.ActiveCfg = Debug|Any CPU
		{5948E8B1-AB07-4B6C-B86F-EEEF7FAE3DEB}.Debug|Any CPU.Build.0 = Debug|Any CPU
		{5948E8B1-AB07-4B6C-B86F-EEEF7FAE3DEB}.Release|Any CPU.ActiveCfg = Release|Any CPU
		{5948E8B1-AB07-4B6C-B86F-EEEF7FAE3DEB}.Release|Any CPU.Build.0 = Release|Any CPU
		{92CF43E5-42B3-44B4-9319-060B953C889B}.Debug|Any CPU.ActiveCfg = Debug|Any CPU
		{92CF43E5-42B3-44B4-9319-060B953C889B}.Debug|Any CPU.Build.0 = Debug|Any CPU
		{92CF43E5-42B3-44B4-9319-060B953C889B}.Release|Any CPU.ActiveCfg = Release|Any CPU
		{92CF43E5-42B3-44B4-9319-060B953C889B}.Release|Any CPU.Build.0 = Release|Any CPU
	EndGlobalSection
	GlobalSection(SolutionProperties) = preSolution
		HideSolutionNode = FALSE
	EndGlobalSection
	GlobalSection(ExtensibilityGlobals) = postSolution
		SolutionGuid = {977EDC89-3229-4AF1-BB26-943E76716796}
	EndGlobalSection
EndGlobal
